
Microsoft Visual Studio Solution File, Format Version 12.00
# Visual Studio Version 17
VisualStudioVersion = 17.3.32901.215
MinimumVisualStudioVersion = 10.0.40219.1
Project("{9A19103F-16F7-4668-BE54-9A1E7A4F7556}") = "Intro", "Threads\Intro\Intro.csproj", "{3937A22F-955F-4ED9-9F79-AD0EA51850CE}"
EndProject
Project("{2150E333-8FDC-42A3-9474-1A3956D46DE8}") = "Threads", "Threads", "{9DB617D3-8903-43E8-94D7-E5E40E936686}"
EndProject
Project("{9A19103F-16F7-4668-BE54-9A1E7A4F7556}") = "Background", "Threads\Background\Background.csproj", "{D9765507-F3C7-4B2F-B6ED-E7F8918D2E41}"
EndProject
Project("{9A19103F-16F7-4668-BE54-9A1E7A4F7556}") = "State", "Threads\State\State.csproj", "{2CD55AF5-AE9F-4BD9-B600-E55577A2559E}"
EndProject
Project("{2150E333-8FDC-42A3-9474-1A3956D46DE8}") = "Solution Items", "Solution Items", "{045D143D-37E5-472C-A454-7B895BA38FE5}"
	ProjectSection(SolutionItems) = preProject
		README.md = README.md
	EndProjectSection
EndProject
Project("{9A19103F-16F7-4668-BE54-9A1E7A4F7556}") = "IsAlive", "Threads\IsAlive\IsAlive.csproj", "{2459ADD7-B9AC-42F9-A55C-807D90FDD768}"
EndProject
Project("{FAE04EC0-301F-11D3-BF4B-00C04F79EFBC}") = "Join", "Join\Join.csproj", "{E7F76901-A120-4AA7-8500-B5938D78384A}"
EndProject
Global
	GlobalSection(SolutionConfigurationPlatforms) = preSolution
		Debug|Any CPU = Debug|Any CPU
		Release|Any CPU = Release|Any CPU
	EndGlobalSection
	GlobalSection(ProjectConfigurationPlatforms) = postSolution
		{3937A22F-955F-4ED9-9F79-AD0EA51850CE}.Debug|Any CPU.ActiveCfg = Debug|Any CPU
		{3937A22F-955F-4ED9-9F79-AD0EA51850CE}.Debug|Any CPU.Build.0 = Debug|Any CPU
		{3937A22F-955F-4ED9-9F79-AD0EA51850CE}.Release|Any CPU.ActiveCfg = Release|Any CPU
		{3937A22F-955F-4ED9-9F79-AD0EA51850CE}.Release|Any CPU.Build.0 = Release|Any CPU
		{D9765507-F3C7-4B2F-B6ED-E7F8918D2E41}.Debug|Any CPU.ActiveCfg = Debug|Any CPU
		{D9765507-F3C7-4B2F-B6ED-E7F8918D2E41}.Debug|Any CPU.Build.0 = Debug|Any CPU
		{D9765507-F3C7-4B2F-B6ED-E7F8918D2E41}.Release|Any CPU.ActiveCfg = Release|Any CPU
		{D9765507-F3C7-4B2F-B6ED-E7F8918D2E41}.Release|Any CPU.Build.0 = Release|Any CPU
		{2CD55AF5-AE9F-4BD9-B600-E55577A2559E}.Debug|Any CPU.ActiveCfg = Debug|Any CPU
		{2CD55AF5-AE9F-4BD9-B600-E55577A2559E}.Debug|Any CPU.Build.0 = Debug|Any CPU
		{2CD55AF5-AE9F-4BD9-B600-E55577A2559E}.Release|Any CPU.ActiveCfg = Release|Any CPU
		{2CD55AF5-AE9F-4BD9-B600-E55577A2559E}.Release|Any CPU.Build.0 = Release|Any CPU
		{2459ADD7-B9AC-42F9-A55C-807D90FDD768}.Debug|Any CPU.ActiveCfg = Debug|Any CPU
		{2459ADD7-B9AC-42F9-A55C-807D90FDD768}.Debug|Any CPU.Build.0 = Debug|Any CPU
		{2459ADD7-B9AC-42F9-A55C-807D90FDD768}.Release|Any CPU.ActiveCfg = Release|Any CPU
		{2459ADD7-B9AC-42F9-A55C-807D90FDD768}.Release|Any CPU.Build.0 = Release|Any CPU
		{E7F76901-A120-4AA7-8500-B5938D78384A}.Debug|Any CPU.ActiveCfg = Debug|Any CPU
		{E7F76901-A120-4AA7-8500-B5938D78384A}.Debug|Any CPU.Build.0 = Debug|Any CPU
		{E7F76901-A120-4AA7-8500-B5938D78384A}.Release|Any CPU.ActiveCfg = Release|Any CPU
		{E7F76901-A120-4AA7-8500-B5938D78384A}.Release|Any CPU.Build.0 = Release|Any CPU
	EndGlobalSection
	GlobalSection(SolutionProperties) = preSolution
		HideSolutionNode = FALSE
	EndGlobalSection
	GlobalSection(NestedProjects) = preSolution
		{3937A22F-955F-4ED9-9F79-AD0EA51850CE} = {9DB617D3-8903-43E8-94D7-E5E40E936686}
		{D9765507-F3C7-4B2F-B6ED-E7F8918D2E41} = {9DB617D3-8903-43E8-94D7-E5E40E936686}
		{2CD55AF5-AE9F-4BD9-B600-E55577A2559E} = {9DB617D3-8903-43E8-94D7-E5E40E936686}
		{2459ADD7-B9AC-42F9-A55C-807D90FDD768} = {9DB617D3-8903-43E8-94D7-E5E40E936686}
		{E7F76901-A120-4AA7-8500-B5938D78384A} = {9DB617D3-8903-43E8-94D7-E5E40E936686}
	EndGlobalSection
	GlobalSection(ExtensibilityGlobals) = postSolution
		SolutionGuid = {FC194A49-B6D1-425A-BA06-ACAA60452445}
	EndGlobalSection
EndGlobal
