
Microsoft Visual Studio Solution File, Format Version 12.00
# Visual Studio Version 17
VisualStudioVersion = 17.3.32901.215
MinimumVisualStudioVersion = 10.0.40219.1
Project("{9A19103F-16F7-4668-BE54-9A1E7A4F7556}") = "Intro", "Threads\Intro\Intro.csproj", "{3937A22F-955F-4ED9-9F79-AD0EA51850CE}"
EndProject
Project("{2150E333-8FDC-42A3-9474-1A3956D46DE8}") = "Threads", "Threads", "{9DB617D3-8903-43E8-94D7-E5E40E936686}"
EndProject
Project("{9A19103F-16F7-4668-BE54-9A1E7A4F7556}") = "Background", "Threads\Background\Background.csproj", "{D9765507-F3C7-4B2F-B6ED-E7F8918D2E41}"
EndProject
Project("{9A19103F-16F7-4668-BE54-9A1E7A4F7556}") = "State", "Threads\State\State.csproj", "{2CD55AF5-AE9F-4BD9-B600-E55577A2559E}"
EndProject
Project("{2150E333-8FDC-42A3-9474-1A3956D46DE8}") = "Solution Items", "Solution Items", "{045D143D-37E5-472C-A454-7B895BA38FE5}"
	ProjectSection(SolutionItems) = preProject
		README.md = README.md
	EndProjectSection
EndProject
Project("{9A19103F-16F7-4668-BE54-9A1E7A4F7556}") = "IsAlive", "Threads\IsAlive\IsAlive.csproj", "{2459ADD7-B9AC-42F9-A55C-807D90FDD768}"
EndProject
Project("{9A19103F-16F7-4668-BE54-9A1E7A4F7556}") = "Join", "Threads\Join\Join.csproj", "{8F0D196B-ADFE-44E9-A592-8F508AEABC11}"
EndProject
Project("{9A19103F-16F7-4668-BE54-9A1E7A4F7556}") = "JoinTimeout", "Threads\JoinTimeout\JoinTimeout.csproj", "{B2065858-569C-4D35-97BF-BD5BFA3D9A37}"
EndProject
Project("{FAE04EC0-301F-11D3-BF4B-00C04F79EFBC}") = "Abort", "Threads\Abort\Abort.csproj", "{7120B860-A968-433F-AA81-E88CF1A67333}"
EndProject
Project("{FAE04EC0-301F-11D3-BF4B-00C04F79EFBC}") = "AbortArg", "Threads\AbortArg\AbortArg.csproj", "{B90F4B23-A628-4EE2-8F88-353E9677DD4F}"
EndProject
Project("{FAE04EC0-301F-11D3-BF4B-00C04F79EFBC}") = "Priority", "Threads\Priority\Priority.csproj", "{C05AF32A-AD16-42B9-8C3C-0357BB410CE6}"
EndProject
Project("{FAE04EC0-301F-11D3-BF4B-00C04F79EFBC}") = "AffinityParametrized", "Threads\AffinityParametrized\AffinityParametrized.csproj", "{5EFC9462-DEE7-41E2-853F-17576A8BA866}"
EndProject
Global
	GlobalSection(SolutionConfigurationPlatforms) = preSolution
		Debug|Any CPU = Debug|Any CPU
		Release|Any CPU = Release|Any CPU
	EndGlobalSection
	GlobalSection(ProjectConfigurationPlatforms) = postSolution
		{3937A22F-955F-4ED9-9F79-AD0EA51850CE}.Debug|Any CPU.ActiveCfg = Debug|Any CPU
		{3937A22F-955F-4ED9-9F79-AD0EA51850CE}.Debug|Any CPU.Build.0 = Debug|Any CPU
		{3937A22F-955F-4ED9-9F79-AD0EA51850CE}.Release|Any CPU.ActiveCfg = Release|Any CPU
		{3937A22F-955F-4ED9-9F79-AD0EA51850CE}.Release|Any CPU.Build.0 = Release|Any CPU
		{D9765507-F3C7-4B2F-B6ED-E7F8918D2E41}.Debug|Any CPU.ActiveCfg = Debug|Any CPU
		{D9765507-F3C7-4B2F-B6ED-E7F8918D2E41}.Debug|Any CPU.Build.0 = Debug|Any CPU
		{D9765507-F3C7-4B2F-B6ED-E7F8918D2E41}.Release|Any CPU.ActiveCfg = Release|Any CPU
		{D9765507-F3C7-4B2F-B6ED-E7F8918D2E41}.Release|Any CPU.Build.0 = Release|Any CPU
		{2CD55AF5-AE9F-4BD9-B600-E55577A2559E}.Debug|Any CPU.ActiveCfg = Debug|Any CPU
		{2CD55AF5-AE9F-4BD9-B600-E55577A2559E}.Debug|Any CPU.Build.0 = Debug|Any CPU
		{2CD55AF5-AE9F-4BD9-B600-E55577A2559E}.Release|Any CPU.ActiveCfg = Release|Any CPU
		{2CD55AF5-AE9F-4BD9-B600-E55577A2559E}.Release|Any CPU.Build.0 = Release|Any CPU
		{2459ADD7-B9AC-42F9-A55C-807D90FDD768}.Debug|Any CPU.ActiveCfg = Debug|Any CPU
		{2459ADD7-B9AC-42F9-A55C-807D90FDD768}.Debug|Any CPU.Build.0 = Debug|Any CPU
		{2459ADD7-B9AC-42F9-A55C-807D90FDD768}.Release|Any CPU.ActiveCfg = Release|Any CPU
		{2459ADD7-B9AC-42F9-A55C-807D90FDD768}.Release|Any CPU.Build.0 = Release|Any CPU
		{8F0D196B-ADFE-44E9-A592-8F508AEABC11}.Debug|Any CPU.ActiveCfg = Debug|Any CPU
		{8F0D196B-ADFE-44E9-A592-8F508AEABC11}.Debug|Any CPU.Build.0 = Debug|Any CPU
		{8F0D196B-ADFE-44E9-A592-8F508AEABC11}.Release|Any CPU.ActiveCfg = Release|Any CPU
		{8F0D196B-ADFE-44E9-A592-8F508AEABC11}.Release|Any CPU.Build.0 = Release|Any CPU
		{B2065858-569C-4D35-97BF-BD5BFA3D9A37}.Debug|Any CPU.ActiveCfg = Debug|Any CPU
		{B2065858-569C-4D35-97BF-BD5BFA3D9A37}.Debug|Any CPU.Build.0 = Debug|Any CPU
		{B2065858-569C-4D35-97BF-BD5BFA3D9A37}.Release|Any CPU.ActiveCfg = Release|Any CPU
		{B2065858-569C-4D35-97BF-BD5BFA3D9A37}.Release|Any CPU.Build.0 = Release|Any CPU
		{7120B860-A968-433F-AA81-E88CF1A67333}.Debug|Any CPU.ActiveCfg = Debug|Any CPU
		{7120B860-A968-433F-AA81-E88CF1A67333}.Debug|Any CPU.Build.0 = Debug|Any CPU
		{7120B860-A968-433F-AA81-E88CF1A67333}.Release|Any CPU.ActiveCfg = Release|Any CPU
		{7120B860-A968-433F-AA81-E88CF1A67333}.Release|Any CPU.Build.0 = Release|Any CPU
		{B90F4B23-A628-4EE2-8F88-353E9677DD4F}.Debug|Any CPU.ActiveCfg = Debug|Any CPU
		{B90F4B23-A628-4EE2-8F88-353E9677DD4F}.Debug|Any CPU.Build.0 = Debug|Any CPU
		{B90F4B23-A628-4EE2-8F88-353E9677DD4F}.Release|Any CPU.ActiveCfg = Release|Any CPU
		{B90F4B23-A628-4EE2-8F88-353E9677DD4F}.Release|Any CPU.Build.0 = Release|Any CPU
		{C05AF32A-AD16-42B9-8C3C-0357BB410CE6}.Debug|Any CPU.ActiveCfg = Debug|Any CPU
		{C05AF32A-AD16-42B9-8C3C-0357BB410CE6}.Debug|Any CPU.Build.0 = Debug|Any CPU
		{C05AF32A-AD16-42B9-8C3C-0357BB410CE6}.Release|Any CPU.ActiveCfg = Release|Any CPU
		{C05AF32A-AD16-42B9-8C3C-0357BB410CE6}.Release|Any CPU.Build.0 = Release|Any CPU
		{5EFC9462-DEE7-41E2-853F-17576A8BA866}.Debug|Any CPU.ActiveCfg = Debug|Any CPU
		{5EFC9462-DEE7-41E2-853F-17576A8BA866}.Debug|Any CPU.Build.0 = Debug|Any CPU
		{5EFC9462-DEE7-41E2-853F-17576A8BA866}.Release|Any CPU.ActiveCfg = Release|Any CPU
		{5EFC9462-DEE7-41E2-853F-17576A8BA866}.Release|Any CPU.Build.0 = Release|Any CPU
	EndGlobalSection
	GlobalSection(SolutionProperties) = preSolution
		HideSolutionNode = FALSE
	EndGlobalSection
	GlobalSection(NestedProjects) = preSolution
		{3937A22F-955F-4ED9-9F79-AD0EA51850CE} = {9DB617D3-8903-43E8-94D7-E5E40E936686}
		{D9765507-F3C7-4B2F-B6ED-E7F8918D2E41} = {9DB617D3-8903-43E8-94D7-E5E40E936686}
		{2CD55AF5-AE9F-4BD9-B600-E55577A2559E} = {9DB617D3-8903-43E8-94D7-E5E40E936686}
		{2459ADD7-B9AC-42F9-A55C-807D90FDD768} = {9DB617D3-8903-43E8-94D7-E5E40E936686}
		{8F0D196B-ADFE-44E9-A592-8F508AEABC11} = {9DB617D3-8903-43E8-94D7-E5E40E936686}
		{B2065858-569C-4D35-97BF-BD5BFA3D9A37} = {9DB617D3-8903-43E8-94D7-E5E40E936686}
		{7120B860-A968-433F-AA81-E88CF1A67333} = {9DB617D3-8903-43E8-94D7-E5E40E936686}
		{B90F4B23-A628-4EE2-8F88-353E9677DD4F} = {9DB617D3-8903-43E8-94D7-E5E40E936686}
		{C05AF32A-AD16-42B9-8C3C-0357BB410CE6} = {9DB617D3-8903-43E8-94D7-E5E40E936686}
		{5EFC9462-DEE7-41E2-853F-17576A8BA866} = {9DB617D3-8903-43E8-94D7-E5E40E936686}
	EndGlobalSection
	GlobalSection(ExtensibilityGlobals) = postSolution
		SolutionGuid = {FC194A49-B6D1-425A-BA06-ACAA60452445}
	EndGlobalSection
EndGlobal
